PODS:
  - OCHamcrest (6.1.1)
  - OCMockito (4.1.0):
    - OCHamcrest (~> 6.0)

DEPENDENCIES:
  - OCMockito (~> 4.1)

SPEC REPOS:
  https://github.com/cocoapods/specs.git:
    - OCHamcrest
    - OCMockito

SPEC CHECKSUMS:
  OCHamcrest: 363e1bf738c3e8a94abe7c2c415f70d671adde38
  OCMockito: bceefcd365252bcdf8b59c1b2bd23890805fc0d8

PODFILE CHECKSUM: 591e89f6f8c13fa891f3931c209f9a544d41dd82

COCOAPODS: 1.6.1
